
Microsoft Visual Studio Solution File, Format Version 12.00
# Visual Studio Version 16
VisualStudioVersion = 16.0.31911.196
MinimumVisualStudioVersion = 10.0.40219.1
Project("{FAE04EC0-301F-11D3-BF4B-00C04F79EFBC}") = "AccountOwnerServer", "AccountOwnerServer.csproj", "{F06B7E3A-BAEA-4ED8-A0A2-53289FFACBB4}"
EndProject
Global
	GlobalSection(SolutionConfigurationPlatforms) = preSolution
		Debug|Any CPU = Debug|Any CPU
		Release|Any CPU = Release|Any CPU
	EndGlobalSection
	GlobalSection(ProjectConfigurationPlatforms) = postSolution
		{F06B7E3A-BAEA-4ED8-A0A2-53289FFACBB4}.Debug|Any CPU.ActiveCfg = Debug|Any CPU
		{F06B7E3A-BAEA-4ED8-A0A2-53289FFACBB4}.Debug|Any CPU.Build.0 = Debug|Any CPU
		{F06B7E3A-BAEA-4ED8-A0A2-53289FFACBB4}.Release|Any CPU.ActiveCfg = Release|Any CPU
		{F06B7E3A-BAEA-4ED8-A0A2-53289FFACBB4}.Release|Any CPU.Build.0 = Release|Any CPU
	EndGlobalSection
	GlobalSection(SolutionProperties) = preSolution
		HideSolutionNode = FALSE
	EndGlobalSection
	GlobalSection(ExtensibilityGlobals) = postSolution
		SolutionGuid = {8B979BA8-4251-4E97-837B-10CFA8B9B6EF}
	EndGlobalSection
EndGlobal
